
Microsoft Visual Studio Solution File, Format Version 12.00
# Visual Studio Version 17
VisualStudioVersion = 17.10.35004.147
MinimumVisualStudioVersion = 10.0.40219.1
Project("{FAE04EC0-301F-11D3-BF4B-00C04F79EFBC}") = "Volunteer_Management_System", "Volunteer_Management_System\Volunteer_Management_System.csproj", "{1452333C-AD40-4930-AF15-FDA86109F2C2}"
EndProject
Project("{FAE04EC0-301F-11D3-BF4B-00C04F79EFBC}") = "WebApi", "Volunteer_Management_System\WebApi\WebApi.csproj", "{AFE3D1C6-C490-4794-87F6-736F006C5568}"
EndProject
Global
	GlobalSection(SolutionConfigurationPlatforms) = preSolution
		Debug|Any CPU = Debug|Any CPU
		Release|Any CPU = Release|Any CPU
	EndGlobalSection
	GlobalSection(ProjectConfigurationPlatforms) = postSolution
		{1452333C-AD40-4930-AF15-FDA86109F2C2}.Debug|Any CPU.ActiveCfg = Debug|Any CPU
		{1452333C-AD40-4930-AF15-FDA86109F2C2}.Debug|Any CPU.Build.0 = Debug|Any CPU
		{1452333C-AD40-4930-AF15-FDA86109F2C2}.Release|Any CPU.ActiveCfg = Release|Any CPU
		{1452333C-AD40-4930-AF15-FDA86109F2C2}.Release|Any CPU.Build.0 = Release|Any CPU
		{AFE3D1C6-C490-4794-87F6-736F006C5568}.Debug|Any CPU.ActiveCfg = Debug|Any CPU
		{AFE3D1C6-C490-4794-87F6-736F006C5568}.Debug|Any CPU.Build.0 = Debug|Any CPU
		{AFE3D1C6-C490-4794-87F6-736F006C5568}.Release|Any CPU.ActiveCfg = Release|Any CPU
		{AFE3D1C6-C490-4794-87F6-736F006C5568}.Release|Any CPU.Build.0 = Release|Any CPU
	EndGlobalSection
	GlobalSection(SolutionProperties) = preSolution
		HideSolutionNode = FALSE
	EndGlobalSection
	GlobalSection(ExtensibilityGlobals) = postSolution
		SolutionGuid = {118522F1-A9AA-4451-B2FE-E0C11BBD0DF0}
	EndGlobalSection
EndGlobal
